
Microsoft Visual Studio Solution File, Format Version 12.00
# Visual Studio Version 17
VisualStudioVersion = 17.11.35327.3
MinimumVisualStudioVersion = 10.0.40219.1
Project("{FAE04EC0-301F-11D3-BF4B-00C04F79EFBC}") = "prog6212Part2", "prog6212Part2\prog6212Part2.csproj", "{CA307983-E5A9-4770-B420-22C62A7D0D4A}"
EndProject
Global
	GlobalSection(SolutionConfigurationPlatforms) = preSolution
		Debug|Any CPU = Debug|Any CPU
		Release|Any CPU = Release|Any CPU
	EndGlobalSection
	GlobalSection(ProjectConfigurationPlatforms) = postSolution
		{CA307983-E5A9-4770-B420-22C62A7D0D4A}.Debug|Any CPU.ActiveCfg = Debug|Any CPU
		{CA307983-E5A9-4770-B420-22C62A7D0D4A}.Debug|Any CPU.Build.0 = Debug|Any CPU
		{CA307983-E5A9-4770-B420-22C62A7D0D4A}.Release|Any CPU.ActiveCfg = Release|Any CPU
		{CA307983-E5A9-4770-B420-22C62A7D0D4A}.Release|Any CPU.Build.0 = Release|Any CPU
	EndGlobalSection
	GlobalSection(SolutionProperties) = preSolution
		HideSolutionNode = FALSE
	EndGlobalSection
	GlobalSection(ExtensibilityGlobals) = postSolution
		SolutionGuid = {78CF964E-941A-4F66-B90D-919FCB3B1884}
	EndGlobalSection
EndGlobal
